// !$*UTF8*$!
{
	archiveVersion = 1;
	classes = {
	};
	objectVersion = 77;
	objects = {

/* Begin PBXContainerItemProxy section */
		9B7D80302E7C9AC500E3E42B /* PBXContainerItemProxy */ = {
			isa = PBXContainerItemProxy;
			containerPortal = 9B7D801A2E7C9AC400E3E42B /* Project object */;
			proxyType = 1;
			remoteGlobalIDString = 9B7D80212E7C9AC400E3E42B;
			remoteInfo = Offline_Organizing_Thoughts;
		};
		9B7D803A2E7C9AC500E3E42B /* PBXContainerItemProxy */ = {
			isa = PBXContainerItemProxy;
			containerPortal = 9B7D801A2E7C9AC400E3E42B /* Project object */;
			proxyType = 1;
			remoteGlobalIDString = 9B7D80212E7C9AC400E3E42B;
			remoteInfo = Offline_Organizing_Thoughts;
		};
/* End PBXContainerItemProxy section */

/* Begin PBXFileReference section */
		9B7D80222E7C9AC400E3E42B /* Offline_Organizing_Thoughts.app */ = {isa = PBXFileReference; explicitFileType = wrapper.application; includeInIndex = 0; path = Offline_Organizing_Thoughts.app; sourceTree = BUILT_PRODUCTS_DIR; };
		9B7D802F2E7C9AC500E3E42B /* Offline_Organizing_ThoughtsTests.xctest */ = {isa = PBXFileReference; explicitFileType = wrapper.cfbundle; includeInIndex = 0; path = Offline_Organizing_ThoughtsTests.xctest; sourceTree = BUILT_PRODUCTS_DIR; };
		9B7D80392E7C9AC500E3E42B /* Offline_Organizing_ThoughtsUITests.xctest */ = {isa = PBXFileReference; explicitFileType = wrapper.cfbundle; includeInIndex = 0; path = Offline_Organizing_ThoughtsUITests.xctest; sourceTree = BUILT_PRODUCTS_DIR; };
/* End PBXFileReference section */

/* Begin PBXFileSystemSynchronizedRootGroup section */
		9B7D80242E7C9AC400E3E42B /* Offline_Organizing_Thoughts */ = {
			isa = PBXFileSystemSynchronizedRootGroup;
			path = Offline_Organizing_Thoughts;
			sourceTree = "<group>";
		};
		9B7D80322E7C9AC500E3E42B /* Offline_Organizing_ThoughtsTests */ = {
			isa = PBXFileSystemSynchronizedRootGroup;
			path = Offline_Organizing_ThoughtsTests;
			sourceTree = "<group>";
		};
		9B7D803C2E7C9AC500E3E42B /* Offline_Organizing_ThoughtsUITests */ = {
			isa = PBXFileSystemSynchronizedRootGroup;
			path = Offline_Organizing_ThoughtsUITests;
			sourceTree = "<group>";
		};
/* End PBXFileSystemSynchronizedRootGroup section */

/* Begin PBXFrameworksBuildPhase section */
		9B7D801F2E7C9AC400E3E42B /* Frameworks */ = {
			isa = PBXFrameworksBuildPhase;
			buildActionMask = 2147483647;
			files = (
			);
			runOnlyForDeploymentPostprocessing = 0;
		};
		9B7D802C2E7C9AC500E3E42B /* Frameworks */ = {
			isa = PBXFrameworksBuildPhase;
			buildActionMask = 2147483647;
			files = (
			);
			runOnlyForDeploymentPostprocessing = 0;
		};
		9B7D80362E7C9AC500E3E42B /* Frameworks */ = {
			isa = PBXFrameworksBuildPhase;
			buildActionMask = 2147483647;
			files = (
			);
			runOnlyForDeploymentPostprocessing = 0;
		};
/* End PBXFrameworksBuildPhase section */

/* Begin PBXGroup section */
		9B7D80192E7C9AC400E3E42B = {
			isa = PBXGroup;
			children = (
				9B7D80242E7C9AC400E3E42B /* Offline_Organizing_Thoughts */,
				9B7D80322E7C9AC500E3E42B /* Offline_Organizing_ThoughtsTests */,
				9B7D803C2E7C9AC500E3E42B /* Offline_Organizing_ThoughtsUITests */,
				9B7D80232E7C9AC400E3E42B /* Products */,
			);
			sourceTree = "<group>";
		};
		9B7D80232E7C9AC400E3E42B /* Products */ = {
			isa = PBXGroup;
			children = (
				9B7D80222E7C9AC400E3E42B /* Offline_Organizing_Thoughts.app */,
				9B7D802F2E7C9AC500E3E42B /* Offline_Organizing_ThoughtsTests.xctest */,
				9B7D80392E7C9AC500E3E42B /* Offline_Organizing_ThoughtsUITests.xctest */,
			);
			name = Products;
			sourceTree = "<group>";
		};
/* End PBXGroup section */

/* Begin PBXNativeTarget section */
		9B7D80212E7C9AC400E3E42B /* Offline_Organizing_Thoughts */ = {
			isa = PBXNativeTarget;
			buildConfigurationList = 9B7D80432E7C9AC500E3E42B /* Build configuration list for PBXNativeTarget "Offline_Organizing_Thoughts" */;
			buildPhases = (
				9B7D801E2E7C9AC400E3E42B /* Sources */,
				9B7D801F2E7C9AC400E3E42B /* Frameworks */,
				9B7D80202E7C9AC400E3E42B /* Resources */,
			);
			buildRules = (
			);
			dependencies = (
			);
			fileSystemSynchronizedGroups = (
				9B7D80242E7C9AC400E3E42B /* Offline_Organizing_Thoughts */,
			);
			name = Offline_Organizing_Thoughts;
			packageProductDependencies = (
			);
			productName = Offline_Organizing_Thoughts;
			productReference = 9B7D80222E7C9AC400E3E42B /* Offline_Organizing_Thoughts.app */;
			productType = "com.apple.product-type.application";
		};
		9B7D802E2E7C9AC500E3E42B /* Offline_Organizing_ThoughtsTests */ = {
			isa = PBXNativeTarget;
			buildConfigurationList = 9B7D80462E7C9AC500E3E42B /* Build configuration list for PBXNativeTarget "Offline_Organizing_ThoughtsTests" */;
			buildPhases = (
				9B7D802B2E7C9AC500E3E42B /* Sources */,
				9B7D802C2E7C9AC500E3E42B /* Frameworks */,
				9B7D802D2E7C9AC500E3E42B /* Resources */,
			);
			buildRules = (
			);
			dependencies = (
				9B7D80312E7C9AC500E3E42B /* PBXTargetDependency */,
			);
			fileSystemSynchronizedGroups = (
				9B7D80322E7C9AC500E3E42B /* Offline_Organizing_ThoughtsTests */,
			);
			name = Offline_Organizing_ThoughtsTests;
			packageProductDependencies = (
			);
			productName = Offline_Organizing_ThoughtsTests;
			productReference = 9B7D802F2E7C9AC500E3E42B /* Offline_Organizing_ThoughtsTests.xctest */;
			productType = "com.apple.product-type.bundle.unit-test";
		};
		9B7D80382E7C9AC500E3E42B /* Offline_Organizing_ThoughtsUITests */ = {
			isa = PBXNativeTarget;
			buildConfigurationList = 9B7D80492E7C9AC500E3E42B /* Build configuration list for PBXNativeTarget "Offline_Organizing_ThoughtsUITests" */;
			buildPhases = (
				9B7D80352E7C9AC500E3E42B /* Sources */,
				9B7D80362E7C9AC500E3E42B /* Frameworks */,
				9B7D80372E7C9AC500E3E42B /* Resources */,
			);
			buildRules = (
			);
			dependencies = (
				9B7D803B2E7C9AC500E3E42B /* PBXTargetDependency */,
			);
			fileSystemSynchronizedGroups = (
				9B7D803C2E7C9AC500E3E42B /* Offline_Organizing_ThoughtsUITests */,
			);
			name = Offline_Organizing_ThoughtsUITests;
			packageProductDependencies = (
			);
			productName = Offline_Organizing_ThoughtsUITests;
			productReference = 9B7D80392E7C9AC500E3E42B /* Offline_Organizing_ThoughtsUITests.xctest */;
			productType = "com.apple.product-type.bundle.ui-testing";
		};
/* End PBXNativeTarget section */

/* Begin PBXProject section */
		9B7D801A2E7C9AC400E3E42B /* Project object */ = {
			isa = PBXProject;
			attributes = {
				BuildIndependentTargetsInParallel = 1;
				LastSwiftUpdateCheck = 2600;
				LastUpgradeCheck = 2600;
				TargetAttributes = {
					9B7D80212E7C9AC400E3E42B = {
						CreatedOnToolsVersion = 26.0;
					};
					9B7D802E2E7C9AC500E3E42B = {
						CreatedOnToolsVersion = 26.0;
						TestTargetID = 9B7D80212E7C9AC400E3E42B;
					};
					9B7D80382E7C9AC500E3E42B = {
						CreatedOnToolsVersion = 26.0;
						TestTargetID = 9B7D80212E7C9AC400E3E42B;
					};
				};
			};
			buildConfigurationList = 9B7D801D2E7C9AC400E3E42B /* Build configuration list for PBXProject "Offline_Organizing_Thoughts" */;
			developmentRegion = en;
			hasScannedForEncodings = 0;
			knownRegions = (
				en,
				Base,
			);
			mainGroup = 9B7D80192E7C9AC400E3E42B;
			minimizedProjectReferenceProxies = 1;
			preferredProjectObjectVersion = 77;
			productRefGroup = 9B7D80232E7C9AC400E3E42B /* Products */;
			projectDirPath = "";
			projectRoot = "";
			targets = (
				9B7D80212E7C9AC400E3E42B /* Offline_Organizing_Thoughts */,
				9B7D802E2E7C9AC500E3E42B /* Offline_Organizing_ThoughtsTests */,
				9B7D80382E7C9AC500E3E42B /* Offline_Organizing_ThoughtsUITests */,
			);
		};
/* End PBXProject section */

/* Begin PBXResourcesBuildPhase section */
		9B7D80202E7C9AC400E3E42B /* Resources */ = {
			isa = PBXResourcesBuildPhase;
			buildActionMask = 2147483647;
			files = (
			);
			runOnlyForDeploymentPostprocessing = 0;
		};
		9B7D802D2E7C9AC500E3E42B /* Resources */ = {
			isa = PBXResourcesBuildPhase;
			buildActionMask = 2147483647;
			files = (
			);
			runOnlyForDeploymentPostprocessing = 0;
		};
		9B7D80372E7C9AC500E3E42B /* Resources */ = {
			isa = PBXResourcesBuildPhase;
			buildActionMask = 2147483647;
			files = (
			);
			runOnlyForDeploymentPostprocessing = 0;
		};
/* End PBXResourcesBuildPhase section */

/* Begin PBXSourcesBuildPhase section */
		9B7D801E2E7C9AC400E3E42B /* Sources */ = {
			isa = PBXSourcesBuildPhase;
			buildActionMask = 2147483647;
			files = (
			);
			runOnlyForDeploymentPostprocessing = 0;
		};
		9B7D802B2E7C9AC500E3E42B /* Sources */ = {
			isa = PBXSourcesBuildPhase;
			buildActionMask = 2147483647;
			files = (
			);
			runOnlyForDeploymentPostprocessing = 0;
		};
		9B7D80352E7C9AC500E3E42B /* Sources */ = {
			isa = PBXSourcesBuildPhase;
			buildActionMask = 2147483647;
			files = (
			);
			runOnlyForDeploymentPostprocessing = 0;
		};
/* End PBXSourcesBuildPhase section */

/* Begin PBXTargetDependency section */
		9B7D80312E7C9AC500E3E42B /* PBXTargetDependency */ = {
			isa = PBXTargetDependency;
			target = 9B7D80212E7C9AC400E3E42B /* Offline_Organizing_Thoughts */;
			targetProxy = 9B7D80302E7C9AC500E3E42B /* PBXContainerItemProxy */;
		};
		9B7D803B2E7C9AC500E3E42B /* PBXTargetDependency */ = {
			isa = PBXTargetDependency;
			target = 9B7D80212E7C9AC400E3E42B /* Offline_Organizing_Thoughts */;
			targetProxy = 9B7D803A2E7C9AC500E3E42B /* PBXContainerItemProxy */;
		};
/* End PBXTargetDependency section */

/* Begin XCBuildConfiguration section */
		9B7D80412E7C9AC500E3E42B /* Debug */ = {
			isa = XCBuildConfiguration;
			buildSettings = {
				ALWAYS_SEARCH_USER_PATHS = NO;
				ASSETCATALOG_COMPILER_GENERATE_SWIFT_ASSET_SYMBOL_EXTENSIONS = YES;
				CLANG_ANALYZER_NONNULL = YES;
				CLANG_ANALYZER_NUMBER_OBJECT_CONVERSION = YES_AGGRESSIVE;
				CLANG_CXX_LANGUAGE_STANDARD = "gnu++20";
				CLANG_ENABLE_MODULES = YES;
				CLANG_ENABLE_OBJC_ARC = YES;
				CLANG_ENABLE_OBJC_WEAK = YES;
				CLANG_WARN_BLOCK_CAPTURE_AUTORELEASING = YES;
				CLANG_WARN_BOOL_CONVERSION = YES;
				CLANG_WARN_COMMA = YES;
				CLANG_WARN_CONSTANT_CONVERSION = YES;
				CLANG_WARN_DEPRECATED_OBJC_IMPLEMENTATIONS = YES;
				CLANG_WARN_DIRECT_OBJC_ISA_USAGE = YES_ERROR;
				CLANG_WARN_DOCUMENTATION_COMMENTS = YES;
				CLANG_WARN_EMPTY_BODY = YES;
				CLANG_WARN_ENUM_CONVERSION = YES;
				CLANG_WARN_INFINITE_RECURSION = YES;
				CLANG_WARN_INT_CONVERSION = YES;
				CLANG_WARN_NON_LITERAL_NULL_CONVERSION = YES;
				CLANG_WARN_OBJC_IMPLICIT_RETAIN_SELF = YES;
				CLANG_WARN_OBJC_LITERAL_CONVERSION = YES;
				CLANG_WARN_OBJC_ROOT_CLASS = YES_ERROR;
				CLANG_WARN_QUOTED_INCLUDE_IN_FRAMEWORK_HEADER = YES;
				CLANG_WARN_RANGE_LOOP_ANALYSIS = YES;
				CLANG_WARN_STRICT_PROTOTYPES = YES;
				CLANG_WARN_SUSPICIOUS_MOVE = YES;
				CLANG_WARN_UNGUARDED_AVAILABILITY = YES_AGGRESSIVE;
				CLANG_WARN_UNREACHABLE_CODE = YES;
				CLANG_WARN__DUPLICATE_METHOD_MATCH = YES;
				COPY_PHASE_STRIP = NO;
				DEBUG_INFORMATION_FORMAT = dwarf;
				DEVELOPMENT_TEAM = B9P888266K;
				ENABLE_STRICT_OBJC_MSGSEND = YES;
				ENABLE_TESTABILITY = YES;
				ENABLE_USER_SCRIPT_SANDBOXING = YES;
				GCC_C_LANGUAGE_STANDARD = gnu17;
				GCC_DYNAMIC_NO_PIC = NO;
				GCC_NO_COMMON_BLOCKS = YES;
				GCC_OPTIMIZATION_LEVEL = 0;
				GCC_PREPROCESSOR_DEFINITIONS = (
					"DEBUG=1",
					"$(inherited)",
				);
				GCC_WARN_64_TO_32_BIT_CONVERSION = YES;
				GCC_WARN_ABOUT_RETURN_TYPE = YES_ERROR;
				GCC_WARN_UNDECLARED_SELECTOR = YES;
				GCC_WARN_UNINITIALIZED_AUTOS = YES_AGGRESSIVE;
				GCC_WARN_UNUSED_FUNCTION = YES;
				GCC_WARN_UNUSED_VARIABLE = YES;
				IPHONEOS_DEPLOYMENT_TARGET = 26.0;
				LOCALIZATION_PREFERS_STRING_CATALOGS = YES;
				MTL_ENABLE_DEBUG_INFO = INCLUDE_SOURCE;
				MTL_FAST_MATH = YES;
				ONLY_ACTIVE_ARCH = YES;
				SDKROOT = iphoneos;
				SWIFT_ACTIVE_COMPILATION_CONDITIONS = "DEBUG $(inherited)";
				SWIFT_OPTIMIZATION_LEVEL = "-Onone";
			};
			name = Debug;
		};
		9B7D80422E7C9AC500E3E42B /* Release */ = {
			isa = XCBuildConfiguration;
			buildSettings = {
				ALWAYS_SEARCH_USER_PATHS = NO;
				ASSETCATALOG_COMPILER_GENERATE_SWIFT_ASSET_SYMBOL_EXTENSIONS = YES;
				CLANG_ANALYZER_NONNULL = YES;
				CLANG_ANALYZER_NUMBER_OBJECT_CONVERSION = YES_AGGRESSIVE;
				CLANG_CXX_LANGUAGE_STANDARD = "gnu++20";
				CLANG_ENABLE_MODULES = YES;
				CLANG_ENABLE_OBJC_ARC = YES;
				CLANG_ENABLE_OBJC_WEAK = YES;
				CLANG_WARN_BLOCK_CAPTURE_AUTORELEASING = YES;
				CLANG_WARN_BOOL_CONVERSION = YES;
				CLANG_WARN_COMMA = YES;
				CLANG_WARN_CONSTANT_CONVERSION = YES;
				CLANG_WARN_DEPRECATED_OBJC_IMPLEMENTATIONS = YES;
				CLANG_WARN_DIRECT_OBJC_ISA_USAGE = YES_ERROR;
				CLANG_WARN_DOCUMENTATION_COMMENTS = YES;
				CLANG_WARN_EMPTY_BODY = YES;
				CLANG_WARN_ENUM_CONVERSION = YES;
				CLANG_WARN_INFINITE_RECURSION = YES;
				CLANG_WARN_INT_CONVERSION = YES;
				CLANG_WARN_NON_LITERAL_NULL_CONVERSION = YES;
				CLANG_WARN_OBJC_IMPLICIT_RETAIN_SELF = YES;
				CLANG_WARN_OBJC_LITERAL_CONVERSION = YES;
				CLANG_WARN_OBJC_ROOT_CLASS = YES_ERROR;
				CLANG_WARN_QUOTED_INCLUDE_IN_FRAMEWORK_HEADER = YES;
				CLANG_WARN_RANGE_LOOP_ANALYSIS = YES;
				CLANG_WARN_STRICT_PROTOTYPES = YES;
				CLANG_WARN_SUSPICIOUS_MOVE = YES;
				CLANG_WARN_UNGUARDED_AVAILABILITY = YES_AGGRESSIVE;
				CLANG_WARN_UNREACHABLE_CODE = YES;
				CLANG_WARN__DUPLICATE_METHOD_MATCH = YES;
				COPY_PHASE_STRIP = NO;
				DEBUG_INFORMATION_FORMAT = "dwarf-with-dsym";
				DEVELOPMENT_TEAM = B9P888266K;
				ENABLE_NS_ASSERTIONS = NO;
				ENABLE_STRICT_OBJC_MSGSEND = YES;
				ENABLE_USER_SCRIPT_SANDBOXING = YES;
				GCC_C_LANGUAGE_STANDARD = gnu17;
				GCC_NO_COMMON_BLOCKS = YES;
				GCC_WARN_64_TO_32_BIT_CONVERSION = YES;
				GCC_WARN_ABOUT_RETURN_TYPE = YES_ERROR;
				GCC_WARN_UNDECLARED_SELECTOR = YES;
				GCC_WARN_UNINITIALIZED_AUTOS = YES_AGGRESSIVE;
				GCC_WARN_UNUSED_FUNCTION = YES;
				GCC_WARN_UNUSED_VARIABLE = YES;
				IPHONEOS_DEPLOYMENT_TARGET = 26.0;
				LOCALIZATION_PREFERS_STRING_CATALOGS = YES;
				MTL_ENABLE_DEBUG_INFO = NO;
				MTL_FAST_MATH = YES;
				SDKROOT = iphoneos;
				SWIFT_COMPILATION_MODE = wholemodule;
				VALIDATE_PRODUCT = YES;
			};
			name = Release;
		};
		9B7D80442E7C9AC500E3E42B /* Debug */ = {
			isa = XCBuildConfiguration;
			buildSettings = {
				ASSETCATALOG_COMPILER_APPICON_NAME = AppIcon;
				ASSETCATALOG_COMPILER_GLOBAL_ACCENT_COLOR_NAME = AccentColor;
				CODE_SIGN_STYLE = Automatic;
				CURRENT_PROJECT_VERSION = 1;
				DEVELOPMENT_TEAM = B9P888266K;
				ENABLE_PREVIEWS = YES;
				GENERATE_INFOPLIST_FILE = YES;
				INFOPLIST_FILE = "Offline_Organizing_Thoughts/Offline-Organizing-Thoughts-Info.plist";
				INFOPLIST_KEY_UIApplicationSceneManifest_Generation = YES;
				INFOPLIST_KEY_UIApplicationSupportsIndirectInputEvents = YES;
				INFOPLIST_KEY_UILaunchScreen_Generation = YES;
				INFOPLIST_KEY_UISupportedInterfaceOrientations_iPad = "UIInterfaceOrientationPortrait UIInterfaceOrientationPortraitUpsideDown UIInterfaceOrientationLandscapeLeft UIInterfaceOrientationLandscapeRight";
				INFOPLIST_KEY_UISupportedInterfaceOrientations_iPhone = "UIInterfaceOrientationPortrait UIInterfaceOrientationLandscapeLeft UIInterfaceOrientationLandscapeRight";
				LD_RUNPATH_SEARCH_PATHS = (
					"$(inherited)",
					"@executable_path/Frameworks",
				);
				MARKETING_VERSION = 1.0;
				PRODUCT_BUNDLE_IDENTIFIER = "com.aryanrogye.Offline-Organizing-Thoughts";
				PRODUCT_NAME = "$(TARGET_NAME)";
				STRING_CATALOG_GENERATE_SYMBOLS = YES;
				SWIFT_APPROACHABLE_CONCURRENCY = YES;
				SWIFT_DEFAULT_ACTOR_ISOLATION = MainActor;
				SWIFT_EMIT_LOC_STRINGS = YES;
				SWIFT_UPCOMING_FEATURE_MEMBER_IMPORT_VISIBILITY = YES;
				SWIFT_VERSION = 5.0;
				TARGETED_DEVICE_FAMILY = "1,2";
			};
			name = Debug;
		};
		9B7D80452E7C9AC500E3E42B /* Release */ = {
			isa = XCBuildConfiguration;
			buildSettings = {
				ASSETCATALOG_COMPILER_APPICON_NAME = AppIcon;
				ASSETCATALOG_COMPILER_GLOBAL_ACCENT_COLOR_NAME = AccentColor;
				CODE_SIGN_STYLE = Automatic;
				CURRENT_PROJECT_VERSION = 1;
				DEVELOPMENT_TEAM = B9P888266K;
				ENABLE_PREVIEWS = YES;
				GENERATE_INFOPLIST_FILE = YES;
				INFOPLIST_FILE = "Offline_Organizing_Thoughts/Offline-Organizing-Thoughts-Info.plist";
				INFOPLIST_KEY_UIApplicationSceneManifest_Generation = YES;
				INFOPLIST_KEY_UIApplicationSupportsIndirectInputEvents = YES;
				INFOPLIST_KEY_UILaunchScreen_Generation = YES;
				INFOPLIST_KEY_UISupportedInterfaceOrientations_iPad = "UIInterfaceOrientationPortrait UIInterfaceOrientationPortraitUpsideDown UIInterfaceOrientationLandscapeLeft UIInterfaceOrientationLandscapeRight";
				INFOPLIST_KEY_UISupportedInterfaceOrientations_iPhone = "UIInterfaceOrientationPortrait UIInterfaceOrientationLandscapeLeft UIInterfaceOrientationLandscapeRight";
				LD_RUNPATH_SEARCH_PATHS = (
					"$(inherited)",
					"@executable_path/Frameworks",
				);
				MARKETING_VERSION = 1.0;
				PRODUCT_BUNDLE_IDENTIFIER = "com.aryanrogye.Offline-Organizing-Thoughts";
				PRODUCT_NAME = "$(TARGET_NAME)";
				STRING_CATALOG_GENERATE_SYMBOLS = YES;
				SWIFT_APPROACHABLE_CONCURRENCY = YES;
				SWIFT_DEFAULT_ACTOR_ISOLATION = MainActor;
				SWIFT_EMIT_LOC_STRINGS = YES;
				SWIFT_UPCOMING_FEATURE_MEMBER_IMPORT_VISIBILITY = YES;
				SWIFT_VERSION = 5.0;
				TARGETED_DEVICE_FAMILY = "1,2";
			};
			name = Release;
		};
		9B7D80472E7C9AC500E3E42B /* Debug */ = {
			isa = XCBuildConfiguration;
			buildSettings = {
				BUNDLE_LOADER = "$(TEST_HOST)";
				CODE_SIGN_STYLE = Automatic;
				CURRENT_PROJECT_VERSION = 1;
				DEVELOPMENT_TEAM = B9P888266K;
				GENERATE_INFOPLIST_FILE = YES;
				IPHONEOS_DEPLOYMENT_TARGET = 26.0;
				MARKETING_VERSION = 1.0;
				PRODUCT_BUNDLE_IDENTIFIER = "com.aryanrogye.Offline-Organizing-ThoughtsTests";
				PRODUCT_NAME = "$(TARGET_NAME)";
				STRING_CATALOG_GENERATE_SYMBOLS = NO;
				SWIFT_APPROACHABLE_CONCURRENCY = YES;
				SWIFT_EMIT_LOC_STRINGS = NO;
				SWIFT_UPCOMING_FEATURE_MEMBER_IMPORT_VISIBILITY = YES;
				SWIFT_VERSION = 5.0;
				TARGETED_DEVICE_FAMILY = "1,2";
				TEST_HOST = "$(BUILT_PRODUCTS_DIR)/Offline_Organizing_Thoughts.app/$(BUNDLE_EXECUTABLE_FOLDER_PATH)/Offline_Organizing_Thoughts";
			};
			name = Debug;
		};
		9B7D80482E7C9AC500E3E42B /* Release */ = {
			isa = XCBuildConfiguration;
			buildSettings = {
				BUNDLE_LOADER = "$(TEST_HOST)";
				CODE_SIGN_STYLE = Automatic;
				CURRENT_PROJECT_VERSION = 1;
				DEVELOPMENT_TEAM = B9P888266K;
				GENERATE_INFOPLIST_FILE = YES;
				IPHONEOS_DEPLOYMENT_TARGET = 26.0;
				MARKETING_VERSION = 1.0;
				PRODUCT_BUNDLE_IDENTIFIER = "com.aryanrogye.Offline-Organizing-ThoughtsTests";
				PRODUCT_NAME = "$(TARGET_NAME)";
				STRING_CATALOG_GENERATE_SYMBOLS = NO;
				SWIFT_APPROACHABLE_CONCURRENCY = YES;
				SWIFT_EMIT_LOC_STRINGS = NO;
				SWIFT_UPCOMING_FEATURE_MEMBER_IMPORT_VISIBILITY = YES;
				SWIFT_VERSION = 5.0;
				TARGETED_DEVICE_FAMILY = "1,2";
				TEST_HOST = "$(BUILT_PRODUCTS_DIR)/Offline_Organizing_Thoughts.app/$(BUNDLE_EXECUTABLE_FOLDER_PATH)/Offline_Organizing_Thoughts";
			};
			name = Release;
		};
		9B7D804A2E7C9AC500E3E42B /* Debug */ = {
			isa = XCBuildConfiguration;
			buildSettings = {
				CODE_SIGN_STYLE = Automatic;
				CURRENT_PROJECT_VERSION = 1;
				DEVELOPMENT_TEAM = B9P888266K;
				GENERATE_INFOPLIST_FILE = YES;
				MARKETING_VERSION = 1.0;
				PRODUCT_BUNDLE_IDENTIFIER = "com.aryanrogye.Offline-Organizing-ThoughtsUITests";
				PRODUCT_NAME = "$(TARGET_NAME)";
				STRING_CATALOG_GENERATE_SYMBOLS = NO;
				SWIFT_APPROACHABLE_CONCURRENCY = YES;
				SWIFT_EMIT_LOC_STRINGS = NO;
				SWIFT_UPCOMING_FEATURE_MEMBER_IMPORT_VISIBILITY = YES;
				SWIFT_VERSION = 5.0;
				TARGETED_DEVICE_FAMILY = "1,2";
				TEST_TARGET_NAME = Offline_Organizing_Thoughts;
			};
			name = Debug;
		};
		9B7D804B2E7C9AC500E3E42B /* Release */ = {
			isa = XCBuildConfiguration;
			buildSettings = {
				CODE_SIGN_STYLE = Automatic;
				CURRENT_PROJECT_VERSION = 1;
				DEVELOPMENT_TEAM = B9P888266K;
				GENERATE_INFOPLIST_FILE = YES;
				MARKETING_VERSION = 1.0;
				PRODUCT_BUNDLE_IDENTIFIER = "com.aryanrogye.Offline-Organizing-ThoughtsUITests";
				PRODUCT_NAME = "$(TARGET_NAME)";
				STRING_CATALOG_GENERATE_SYMBOLS = NO;
				SWIFT_APPROACHABLE_CONCURRENCY = YES;
				SWIFT_EMIT_LOC_STRINGS = NO;
				SWIFT_UPCOMING_FEATURE_MEMBER_IMPORT_VISIBILITY = YES;
				SWIFT_VERSION = 5.0;
				TARGETED_DEVICE_FAMILY = "1,2";
				TEST_TARGET_NAME = Offline_Organizing_Thoughts;
			};
			name = Release;
		};
/* End XCBuildConfiguration section */

/* Begin XCConfigurationList section */
		9B7D801D2E7C9AC400E3E42B /* Build configuration list for PBXProject "Offline_Organizing_Thoughts" */ = {
			isa = XCConfigurationList;
			buildConfigurations = (
				9B7D80412E7C9AC500E3E42B /* Debug */,
				9B7D80422E7C9AC500E3E42B /* Release */,
			);
			defaultConfigurationIsVisible = 0;
			defaultConfigurationName = Release;
		};
		9B7D80432E7C9AC500E3E42B /* Build configuration list for PBXNativeTarget "Offline_Organizing_Thoughts" */ = {
			isa = XCConfigurationList;
			buildConfigurations = (
				9B7D80442E7C9AC500E3E42B /* Debug */,
				9B7D80452E7C9AC500E3E42B /* Release */,
			);
			defaultConfigurationIsVisible = 0;
			defaultConfigurationName = Release;
		};
		9B7D80462E7C9AC500E3E42B /* Build configuration list for PBXNativeTarget "Offline_Organizing_ThoughtsTests" */ = {
			isa = XCConfigurationList;
			buildConfigurations = (
				9B7D80472E7C9AC500E3E42B /* Debug */,
				9B7D80482E7C9AC500E3E42B /* Release */,
			);
			defaultConfigurationIsVisible = 0;
			defaultConfigurationName = Release;
		};
		9B7D80492E7C9AC500E3E42B /* Build configuration list for PBXNativeTarget "Offline_Organizing_ThoughtsUITests" */ = {
			isa = XCConfigurationList;
			buildConfigurations = (
				9B7D804A2E7C9AC500E3E42B /* Debug */,
				9B7D804B2E7C9AC500E3E42B /* Release */,
			);
			defaultConfigurationIsVisible = 0;
			defaultConfigurationName = Release;
		};
/* End XCConfigurationList section */
	};
	rootObject = 9B7D801A2E7C9AC400E3E42B /* Project object */;
}
