// !$*UTF8*$!
{
	archiveVersion = 1;
	classes = {
	};
	objectVersion = 77;
	objects = {

/* Begin PBXBuildFile section */
		9BD4BE6F2E7F6D9900278A0D /* KanbanColumnView.swift in Sources */ = {isa = PBXBuildFile; fileRef = 9BD4BE6E2E7F6D9700278A0D /* KanbanColumnView.swift */; };
		9BD4BE722E7F782700278A0D /* EmojiPicker.swift in Sources */ = {isa = PBXBuildFile; fileRef = 9BD4BE712E7F782500278A0D /* EmojiPicker.swift */; };
		9BD4BE742E7F797E00278A0D /* CleanResult.swift in Sources */ = {isa = PBXBuildFile; fileRef = 9BD4BE732E7F797D00278A0D /* CleanResult.swift */; };
		9BF1C7FF2E7F38CA00522438 /* WhisperKit in Frameworks */ = {isa = PBXBuildFile; productRef = 9BF1C7FE2E7F38CA00522438 /* WhisperKit */; };
		9BF1C8952E7F4F0600522438 /* Assets.xcassets in Resources */ = {isa = PBXBuildFile; fileRef = 9BF1C8912E7F4F0600522438 /* Assets.xcassets */; };
		9BF1C8962E7F4F0600522438 /* Offline_Organizing_Thoughts.plist in Resources */ = {isa = PBXBuildFile; fileRef = 9BF1C8932E7F4F0600522438 /* Offline_Organizing_Thoughts.plist */; };
		9BF1C8972E7F4F0600522438 /* AppFileManager.swift in Sources */ = {isa = PBXBuildFile; fileRef = 9BF1C86F2E7F4F0600522438 /* AppFileManager.swift */; };
		9BF1C8982E7F4F0600522438 /* AppState.swift in Sources */ = {isa = PBXBuildFile; fileRef = 9BF1C8702E7F4F0600522438 /* AppState.swift */; };
		9BF1C8992E7F4F0600522438 /* Notify.swift in Sources */ = {isa = PBXBuildFile; fileRef = 9BF1C8712E7F4F0600522438 /* Notify.swift */; };
		9BF1C89A2E7F4F0600522438 /* AudioRecorderEngine.swift in Sources */ = {isa = PBXBuildFile; fileRef = 9BF1C8732E7F4F0600522438 /* AudioRecorderEngine.swift */; };
		9BF1C89B2E7F4F0600522438 /* AudioRecorderManager.swift in Sources */ = {isa = PBXBuildFile; fileRef = 9BF1C8742E7F4F0600522438 /* AudioRecorderManager.swift */; };
		9BF1C89C2E7F4F0600522438 /* AuthScreen.swift in Sources */ = {isa = PBXBuildFile; fileRef = 9BF1C8762E7F4F0600522438 /* AuthScreen.swift */; };
		9BF1C89D2E7F4F0600522438 /* AuthState.swift in Sources */ = {isa = PBXBuildFile; fileRef = 9BF1C8772E7F4F0600522438 /* AuthState.swift */; };
		9BF1C89E2E7F4F0600522438 /* RecordingItem.swift in Sources */ = {isa = PBXBuildFile; fileRef = 9BF1C8792E7F4F0600522438 /* RecordingItem.swift */; };
		9BF1C89F2E7F4F0600522438 /* Tabs.swift in Sources */ = {isa = PBXBuildFile; fileRef = 9BF1C87A2E7F4F0600522438 /* Tabs.swift */; };
		9BF1C8A02E7F4F0600522438 /* TranscribeManager.swift in Sources */ = {isa = PBXBuildFile; fileRef = 9BF1C87C2E7F4F0600522438 /* TranscribeManager.swift */; };
		9BF1C8A12E7F4F0600522438 /* TranscribeManager+Helpers.swift in Sources */ = {isa = PBXBuildFile; fileRef = 9BF1C87D2E7F4F0600522438 /* TranscribeManager+Helpers.swift */; };
		9BF1C8A22E7F4F0600522438 /* GlassCard.swift in Sources */ = {isa = PBXBuildFile; fileRef = 9BF1C8802E7F4F0600522438 /* GlassCard.swift */; };
		9BF1C8A32E7F4F0600522438 /* AudioPlayerView.swift in Sources */ = {isa = PBXBuildFile; fileRef = 9BF1C8822E7F4F0600522438 /* AudioPlayerView.swift */; };
		9BF1C8A42E7F4F0600522438 /* RecordingList.swift in Sources */ = {isa = PBXBuildFile; fileRef = 9BF1C8832E7F4F0600522438 /* RecordingList.swift */; };
		9BF1C8A52E7F4F0600522438 /* LibraryView.swift in Sources */ = {isa = PBXBuildFile; fileRef = 9BF1C8852E7F4F0600522438 /* LibraryView.swift */; };
		9BF1C8A62E7F4F0600522438 /* ProjectsScreen.swift in Sources */ = {isa = PBXBuildFile; fileRef = 9BF1C8872E7F4F0600522438 /* ProjectsScreen.swift */; };
		9BF1C8A72E7F4F0600522438 /* RecordingScreen.swift in Sources */ = {isa = PBXBuildFile; fileRef = 9BF1C8882E7F4F0600522438 /* RecordingScreen.swift */; };
		9BF1C8A82E7F4F0600522438 /* SettingsScreen.swift in Sources */ = {isa = PBXBuildFile; fileRef = 9BF1C88A2E7F4F0600522438 /* SettingsScreen.swift */; };
		9BF1C8A92E7F4F0600522438 /* SpacesHomeView.swift in Sources */ = {isa = PBXBuildFile; fileRef = 9BF1C88C2E7F4F0600522438 /* SpacesHomeView.swift */; };
		9BF1C8AA2E7F4F0600522438 /* SpacesRootView.swift in Sources */ = {isa = PBXBuildFile; fileRef = 9BF1C88D2E7F4F0600522438 /* SpacesRootView.swift */; };
		9BF1C8AB2E7F4F0600522438 /* RootView.swift in Sources */ = {isa = PBXBuildFile; fileRef = 9BF1C88F2E7F4F0600522438 /* RootView.swift */; };
		9BF1C8AC2E7F4F0600522438 /* Offline_Organizing_ThoughtsApp.swift in Sources */ = {isa = PBXBuildFile; fileRef = 9BF1C8922E7F4F0600522438 /* Offline_Organizing_ThoughtsApp.swift */; };
		9BF1C8B02E7F53DA00522438 /* Space.swift in Sources */ = {isa = PBXBuildFile; fileRef = 9BF1C8AF2E7F53D900522438 /* Space.swift */; };
		9BF1C8B32E7F54E500522438 /* SpacesManager.swift in Sources */ = {isa = PBXBuildFile; fileRef = 9BF1C8B22E7F54E300522438 /* SpacesManager.swift */; };
		9BF1C8B52E7F5A3C00522438 /* SpacesMainRootView.swift in Sources */ = {isa = PBXBuildFile; fileRef = 9BF1C8B42E7F5A3B00522438 /* SpacesMainRootView.swift */; };
		9BF1C8B82E7F5AF000522438 /* SpacesList.swift in Sources */ = {isa = PBXBuildFile; fileRef = 9BF1C8B72E7F5AEF00522438 /* SpacesList.swift */; };
		9BF1C8BD2E7F5C5000522438 /* SpacesMainView.swift in Sources */ = {isa = PBXBuildFile; fileRef = 9BF1C8BC2E7F5C4700522438 /* SpacesMainView.swift */; };
/* End PBXBuildFile section */

/* Begin PBXContainerItemProxy section */
		9B7D80302E7C9AC500E3E42B /* PBXContainerItemProxy */ = {
			isa = PBXContainerItemProxy;
			containerPortal = 9B7D801A2E7C9AC400E3E42B /* Project object */;
			proxyType = 1;
			remoteGlobalIDString = 9B7D80212E7C9AC400E3E42B;
			remoteInfo = Offline_Organizing_Thoughts;
		};
		9B7D803A2E7C9AC500E3E42B /* PBXContainerItemProxy */ = {
			isa = PBXContainerItemProxy;
			containerPortal = 9B7D801A2E7C9AC400E3E42B /* Project object */;
			proxyType = 1;
			remoteGlobalIDString = 9B7D80212E7C9AC400E3E42B;
			remoteInfo = Offline_Organizing_Thoughts;
		};
/* End PBXContainerItemProxy section */

/* Begin PBXFileReference section */
		9B7D80222E7C9AC400E3E42B /* Offline_Organizing_Thoughts.app */ = {isa = PBXFileReference; explicitFileType = wrapper.application; includeInIndex = 0; path = Offline_Organizing_Thoughts.app; sourceTree = BUILT_PRODUCTS_DIR; };
		9B7D802F2E7C9AC500E3E42B /* Offline_Organizing_ThoughtsTests.xctest */ = {isa = PBXFileReference; explicitFileType = wrapper.cfbundle; includeInIndex = 0; path = Offline_Organizing_ThoughtsTests.xctest; sourceTree = BUILT_PRODUCTS_DIR; };
		9B7D80392E7C9AC500E3E42B /* Offline_Organizing_ThoughtsUITests.xctest */ = {isa = PBXFileReference; explicitFileType = wrapper.cfbundle; includeInIndex = 0; path = Offline_Organizing_ThoughtsUITests.xctest; sourceTree = BUILT_PRODUCTS_DIR; };
		9BD4BE6E2E7F6D9700278A0D /* KanbanColumnView.swift */ = {isa = PBXFileReference; lastKnownFileType = sourcecode.swift; path = KanbanColumnView.swift; sourceTree = "<group>"; };
		9BD4BE712E7F782500278A0D /* EmojiPicker.swift */ = {isa = PBXFileReference; lastKnownFileType = sourcecode.swift; path = EmojiPicker.swift; sourceTree = "<group>"; };
		9BD4BE732E7F797D00278A0D /* CleanResult.swift */ = {isa = PBXFileReference; lastKnownFileType = sourcecode.swift; path = CleanResult.swift; sourceTree = "<group>"; };
		9BF1C86F2E7F4F0600522438 /* AppFileManager.swift */ = {isa = PBXFileReference; lastKnownFileType = sourcecode.swift; path = AppFileManager.swift; sourceTree = "<group>"; };
		9BF1C8702E7F4F0600522438 /* AppState.swift */ = {isa = PBXFileReference; lastKnownFileType = sourcecode.swift; path = AppState.swift; sourceTree = "<group>"; };
		9BF1C8712E7F4F0600522438 /* Notify.swift */ = {isa = PBXFileReference; lastKnownFileType = sourcecode.swift; path = Notify.swift; sourceTree = "<group>"; };
		9BF1C8732E7F4F0600522438 /* AudioRecorderEngine.swift */ = {isa = PBXFileReference; lastKnownFileType = sourcecode.swift; path = AudioRecorderEngine.swift; sourceTree = "<group>"; };
		9BF1C8742E7F4F0600522438 /* AudioRecorderManager.swift */ = {isa = PBXFileReference; lastKnownFileType = sourcecode.swift; path = AudioRecorderManager.swift; sourceTree = "<group>"; };
		9BF1C8762E7F4F0600522438 /* AuthScreen.swift */ = {isa = PBXFileReference; lastKnownFileType = sourcecode.swift; path = AuthScreen.swift; sourceTree = "<group>"; };
		9BF1C8772E7F4F0600522438 /* AuthState.swift */ = {isa = PBXFileReference; lastKnownFileType = sourcecode.swift; path = AuthState.swift; sourceTree = "<group>"; };
		9BF1C8792E7F4F0600522438 /* RecordingItem.swift */ = {isa = PBXFileReference; lastKnownFileType = sourcecode.swift; path = RecordingItem.swift; sourceTree = "<group>"; };
		9BF1C87A2E7F4F0600522438 /* Tabs.swift */ = {isa = PBXFileReference; lastKnownFileType = sourcecode.swift; path = Tabs.swift; sourceTree = "<group>"; };
		9BF1C87C2E7F4F0600522438 /* TranscribeManager.swift */ = {isa = PBXFileReference; lastKnownFileType = sourcecode.swift; path = TranscribeManager.swift; sourceTree = "<group>"; };
		9BF1C87D2E7F4F0600522438 /* TranscribeManager+Helpers.swift */ = {isa = PBXFileReference; lastKnownFileType = sourcecode.swift; path = "TranscribeManager+Helpers.swift"; sourceTree = "<group>"; };
		9BF1C8802E7F4F0600522438 /* GlassCard.swift */ = {isa = PBXFileReference; lastKnownFileType = sourcecode.swift; path = GlassCard.swift; sourceTree = "<group>"; };
		9BF1C8822E7F4F0600522438 /* AudioPlayerView.swift */ = {isa = PBXFileReference; lastKnownFileType = sourcecode.swift; path = AudioPlayerView.swift; sourceTree = "<group>"; };
		9BF1C8832E7F4F0600522438 /* RecordingList.swift */ = {isa = PBXFileReference; lastKnownFileType = sourcecode.swift; path = RecordingList.swift; sourceTree = "<group>"; };
		9BF1C8852E7F4F0600522438 /* LibraryView.swift */ = {isa = PBXFileReference; lastKnownFileType = sourcecode.swift; path = LibraryView.swift; sourceTree = "<group>"; };
		9BF1C8872E7F4F0600522438 /* ProjectsScreen.swift */ = {isa = PBXFileReference; lastKnownFileType = sourcecode.swift; path = ProjectsScreen.swift; sourceTree = "<group>"; };
		9BF1C8882E7F4F0600522438 /* RecordingScreen.swift */ = {isa = PBXFileReference; lastKnownFileType = sourcecode.swift; path = RecordingScreen.swift; sourceTree = "<group>"; };
		9BF1C88A2E7F4F0600522438 /* SettingsScreen.swift */ = {isa = PBXFileReference; lastKnownFileType = sourcecode.swift; path = SettingsScreen.swift; sourceTree = "<group>"; };
		9BF1C88C2E7F4F0600522438 /* SpacesHomeView.swift */ = {isa = PBXFileReference; lastKnownFileType = sourcecode.swift; path = SpacesHomeView.swift; sourceTree = "<group>"; };
		9BF1C88D2E7F4F0600522438 /* SpacesRootView.swift */ = {isa = PBXFileReference; lastKnownFileType = sourcecode.swift; path = SpacesRootView.swift; sourceTree = "<group>"; };
		9BF1C88F2E7F4F0600522438 /* RootView.swift */ = {isa = PBXFileReference; lastKnownFileType = sourcecode.swift; path = RootView.swift; sourceTree = "<group>"; };
		9BF1C8912E7F4F0600522438 /* Assets.xcassets */ = {isa = PBXFileReference; lastKnownFileType = folder.assetcatalog; path = Assets.xcassets; sourceTree = "<group>"; };
		9BF1C8922E7F4F0600522438 /* Offline_Organizing_ThoughtsApp.swift */ = {isa = PBXFileReference; lastKnownFileType = sourcecode.swift; path = Offline_Organizing_ThoughtsApp.swift; sourceTree = "<group>"; };
		9BF1C8932E7F4F0600522438 /* Offline_Organizing_Thoughts.plist */ = {isa = PBXFileReference; lastKnownFileType = text.plist.xml; path = Offline_Organizing_Thoughts.plist; sourceTree = "<group>"; };
		9BF1C8AF2E7F53D900522438 /* Space.swift */ = {isa = PBXFileReference; lastKnownFileType = sourcecode.swift; path = Space.swift; sourceTree = "<group>"; };
		9BF1C8B22E7F54E300522438 /* SpacesManager.swift */ = {isa = PBXFileReference; lastKnownFileType = sourcecode.swift; path = SpacesManager.swift; sourceTree = "<group>"; };
		9BF1C8B42E7F5A3B00522438 /* SpacesMainRootView.swift */ = {isa = PBXFileReference; lastKnownFileType = sourcecode.swift; path = SpacesMainRootView.swift; sourceTree = "<group>"; };
		9BF1C8B72E7F5AEF00522438 /* SpacesList.swift */ = {isa = PBXFileReference; lastKnownFileType = sourcecode.swift; path = SpacesList.swift; sourceTree = "<group>"; };
		9BF1C8BC2E7F5C4700522438 /* SpacesMainView.swift */ = {isa = PBXFileReference; lastKnownFileType = sourcecode.swift; path = SpacesMainView.swift; sourceTree = "<group>"; };
/* End PBXFileReference section */

/* Begin PBXFileSystemSynchronizedRootGroup section */
		9B7D80322E7C9AC500E3E42B /* Offline_Organizing_ThoughtsTests */ = {
			isa = PBXFileSystemSynchronizedRootGroup;
			path = Offline_Organizing_ThoughtsTests;
			sourceTree = "<group>";
		};
		9B7D803C2E7C9AC500E3E42B /* Offline_Organizing_ThoughtsUITests */ = {
			isa = PBXFileSystemSynchronizedRootGroup;
			path = Offline_Organizing_ThoughtsUITests;
			sourceTree = "<group>";
		};
/* End PBXFileSystemSynchronizedRootGroup section */

/* Begin PBXFrameworksBuildPhase section */
		9B7D801F2E7C9AC400E3E42B /* Frameworks */ = {
			isa = PBXFrameworksBuildPhase;
			buildActionMask = 2147483647;
			files = (
				9BF1C7FF2E7F38CA00522438 /* WhisperKit in Frameworks */,
			);
			runOnlyForDeploymentPostprocessing = 0;
		};
		9B7D802C2E7C9AC500E3E42B /* Frameworks */ = {
			isa = PBXFrameworksBuildPhase;
			buildActionMask = 2147483647;
			files = (
			);
			runOnlyForDeploymentPostprocessing = 0;
		};
		9B7D80362E7C9AC500E3E42B /* Frameworks */ = {
			isa = PBXFrameworksBuildPhase;
			buildActionMask = 2147483647;
			files = (
			);
			runOnlyForDeploymentPostprocessing = 0;
		};
/* End PBXFrameworksBuildPhase section */

/* Begin PBXGroup section */
		9B7D80192E7C9AC400E3E42B = {
			isa = PBXGroup;
			children = (
				9BF1C8942E7F4F0600522438 /* Offline_Organizing_Thoughts */,
				9B7D80322E7C9AC500E3E42B /* Offline_Organizing_ThoughtsTests */,
				9B7D803C2E7C9AC500E3E42B /* Offline_Organizing_ThoughtsUITests */,
				9B7D80232E7C9AC400E3E42B /* Products */,
			);
			sourceTree = "<group>";
		};
		9B7D80232E7C9AC400E3E42B /* Products */ = {
			isa = PBXGroup;
			children = (
				9B7D80222E7C9AC400E3E42B /* Offline_Organizing_Thoughts.app */,
				9B7D802F2E7C9AC500E3E42B /* Offline_Organizing_ThoughtsTests.xctest */,
				9B7D80392E7C9AC500E3E42B /* Offline_Organizing_ThoughtsUITests.xctest */,
			);
			name = Products;
			sourceTree = "<group>";
		};
		9BD4BE702E7F77BE00278A0D /* FoundationModel */ = {
			isa = PBXGroup;
			children = (
				9BD4BE732E7F797D00278A0D /* CleanResult.swift */,
				9BD4BE712E7F782500278A0D /* EmojiPicker.swift */,
			);
			path = FoundationModel;
			sourceTree = "<group>";
		};
		9BF1C8722E7F4F0600522438 /* App */ = {
			isa = PBXGroup;
			children = (
				9BF1C86F2E7F4F0600522438 /* AppFileManager.swift */,
				9BF1C8702E7F4F0600522438 /* AppState.swift */,
				9BF1C8712E7F4F0600522438 /* Notify.swift */,
			);
			path = App;
			sourceTree = "<group>";
		};
		9BF1C8752E7F4F0600522438 /* Audio */ = {
			isa = PBXGroup;
			children = (
				9BF1C8732E7F4F0600522438 /* AudioRecorderEngine.swift */,
				9BF1C8742E7F4F0600522438 /* AudioRecorderManager.swift */,
			);
			path = Audio;
			sourceTree = "<group>";
		};
		9BF1C8782E7F4F0600522438 /* Auth */ = {
			isa = PBXGroup;
			children = (
				9BF1C8762E7F4F0600522438 /* AuthScreen.swift */,
				9BF1C8772E7F4F0600522438 /* AuthState.swift */,
			);
			path = Auth;
			sourceTree = "<group>";
		};
		9BF1C87B2E7F4F0600522438 /* Models */ = {
			isa = PBXGroup;
			children = (
				9BF1C8AF2E7F53D900522438 /* Space.swift */,
				9BF1C8792E7F4F0600522438 /* RecordingItem.swift */,
				9BF1C87A2E7F4F0600522438 /* Tabs.swift */,
			);
			path = Models;
			sourceTree = "<group>";
		};
		9BF1C87E2E7F4F0600522438 /* Transcription */ = {
			isa = PBXGroup;
			children = (
				9BF1C87C2E7F4F0600522438 /* TranscribeManager.swift */,
				9BF1C87D2E7F4F0600522438 /* TranscribeManager+Helpers.swift */,
			);
			path = Transcription;
			sourceTree = "<group>";
		};
		9BF1C87F2E7F4F0600522438 /* Common */ = {
			isa = PBXGroup;
			children = (
				9BD4BE702E7F77BE00278A0D /* FoundationModel */,
				9BF1C8B12E7F54E000522438 /* Spaces */,
				9BF1C8722E7F4F0600522438 /* App */,
				9BF1C8782E7F4F0600522438 /* Auth */,
				9BF1C8752E7F4F0600522438 /* Audio */,
				9BF1C87E2E7F4F0600522438 /* Transcription */,
				9BF1C87B2E7F4F0600522438 /* Models */,
			);
			path = Common;
			sourceTree = "<group>";
		};
		9BF1C8812E7F4F0600522438 /* Modifiers */ = {
			isa = PBXGroup;
			children = (
				9BF1C8802E7F4F0600522438 /* GlassCard.swift */,
			);
			path = Modifiers;
			sourceTree = "<group>";
		};
		9BF1C8842E7F4F0600522438 /* Components */ = {
			isa = PBXGroup;
			children = (
				9BF1C8822E7F4F0600522438 /* AudioPlayerView.swift */,
				9BF1C8832E7F4F0600522438 /* RecordingList.swift */,
			);
			path = Components;
			sourceTree = "<group>";
		};
		9BF1C8862E7F4F0600522438 /* Library */ = {
			isa = PBXGroup;
			children = (
				9BF1C8852E7F4F0600522438 /* LibraryView.swift */,
			);
			path = Library;
			sourceTree = "<group>";
		};
		9BF1C8892E7F4F0600522438 /* Projects */ = {
			isa = PBXGroup;
			children = (
				9BF1C8872E7F4F0600522438 /* ProjectsScreen.swift */,
				9BF1C8882E7F4F0600522438 /* RecordingScreen.swift */,
			);
			path = Projects;
			sourceTree = "<group>";
		};
		9BF1C88B2E7F4F0600522438 /* Settings */ = {
			isa = PBXGroup;
			children = (
				9BF1C88A2E7F4F0600522438 /* SettingsScreen.swift */,
			);
			path = Settings;
			sourceTree = "<group>";
		};
		9BF1C88E2E7F4F0600522438 /* Spaces */ = {
			isa = PBXGroup;
			children = (
				9BF1C8BA2E7F5BF700522438 /* SpacesMain */,
				9BF1C8B62E7F5AE700522438 /* SpacesHome */,
				9BF1C88D2E7F4F0600522438 /* SpacesRootView.swift */,
			);
			path = Spaces;
			sourceTree = "<group>";
		};
		9BF1C8902E7F4F0600522438 /* Views */ = {
			isa = PBXGroup;
			children = (
				9BF1C8842E7F4F0600522438 /* Components */,
				9BF1C8862E7F4F0600522438 /* Library */,
				9BF1C8892E7F4F0600522438 /* Projects */,
				9BF1C88B2E7F4F0600522438 /* Settings */,
				9BF1C88E2E7F4F0600522438 /* Spaces */,
				9BF1C88F2E7F4F0600522438 /* RootView.swift */,
			);
			path = Views;
			sourceTree = "<group>";
		};
		9BF1C8942E7F4F0600522438 /* Offline_Organizing_Thoughts */ = {
			isa = PBXGroup;
			children = (
				9BF1C8922E7F4F0600522438 /* Offline_Organizing_ThoughtsApp.swift */,
				9BF1C87F2E7F4F0600522438 /* Common */,
				9BF1C8902E7F4F0600522438 /* Views */,
				9BF1C8812E7F4F0600522438 /* Modifiers */,
				9BF1C8912E7F4F0600522438 /* Assets.xcassets */,
				9BF1C8932E7F4F0600522438 /* Offline_Organizing_Thoughts.plist */,
			);
			path = Offline_Organizing_Thoughts;
			sourceTree = "<group>";
		};
		9BF1C8B12E7F54E000522438 /* Spaces */ = {
			isa = PBXGroup;
			children = (
				9BF1C8B22E7F54E300522438 /* SpacesManager.swift */,
			);
			path = Spaces;
			sourceTree = "<group>";
		};
		9BF1C8B62E7F5AE700522438 /* SpacesHome */ = {
			isa = PBXGroup;
			children = (
				9BF1C8B72E7F5AEF00522438 /* SpacesList.swift */,
				9BF1C88C2E7F4F0600522438 /* SpacesHomeView.swift */,
			);
			path = SpacesHome;
			sourceTree = "<group>";
		};
		9BF1C8BA2E7F5BF700522438 /* SpacesMain */ = {
			isa = PBXGroup;
			children = (
				9BD4BE6E2E7F6D9700278A0D /* KanbanColumnView.swift */,
				9BF1C8BC2E7F5C4700522438 /* SpacesMainView.swift */,
				9BF1C8B42E7F5A3B00522438 /* SpacesMainRootView.swift */,
			);
			path = SpacesMain;
			sourceTree = "<group>";
		};
/* End PBXGroup section */

/* Begin PBXNativeTarget section */
		9B7D80212E7C9AC400E3E42B /* Offline_Organizing_Thoughts */ = {
			isa = PBXNativeTarget;
			buildConfigurationList = 9B7D80432E7C9AC500E3E42B /* Build configuration list for PBXNativeTarget "Offline_Organizing_Thoughts" */;
			buildPhases = (
				9B7D801E2E7C9AC400E3E42B /* Sources */,
				9B7D801F2E7C9AC400E3E42B /* Frameworks */,
				9B7D80202E7C9AC400E3E42B /* Resources */,
			);
			buildRules = (
			);
			dependencies = (
			);
			name = Offline_Organizing_Thoughts;
			packageProductDependencies = (
				9BF1C7FE2E7F38CA00522438 /* WhisperKit */,
			);
			productName = Offline_Organizing_Thoughts;
			productReference = 9B7D80222E7C9AC400E3E42B /* Offline_Organizing_Thoughts.app */;
			productType = "com.apple.product-type.application";
		};
		9B7D802E2E7C9AC500E3E42B /* Offline_Organizing_ThoughtsTests */ = {
			isa = PBXNativeTarget;
			buildConfigurationList = 9B7D80462E7C9AC500E3E42B /* Build configuration list for PBXNativeTarget "Offline_Organizing_ThoughtsTests" */;
			buildPhases = (
				9B7D802B2E7C9AC500E3E42B /* Sources */,
				9B7D802C2E7C9AC500E3E42B /* Frameworks */,
				9B7D802D2E7C9AC500E3E42B /* Resources */,
			);
			buildRules = (
			);
			dependencies = (
				9B7D80312E7C9AC500E3E42B /* PBXTargetDependency */,
			);
			fileSystemSynchronizedGroups = (
				9B7D80322E7C9AC500E3E42B /* Offline_Organizing_ThoughtsTests */,
			);
			name = Offline_Organizing_ThoughtsTests;
			packageProductDependencies = (
			);
			productName = Offline_Organizing_ThoughtsTests;
			productReference = 9B7D802F2E7C9AC500E3E42B /* Offline_Organizing_ThoughtsTests.xctest */;
			productType = "com.apple.product-type.bundle.unit-test";
		};
		9B7D80382E7C9AC500E3E42B /* Offline_Organizing_ThoughtsUITests */ = {
			isa = PBXNativeTarget;
			buildConfigurationList = 9B7D80492E7C9AC500E3E42B /* Build configuration list for PBXNativeTarget "Offline_Organizing_ThoughtsUITests" */;
			buildPhases = (
				9B7D80352E7C9AC500E3E42B /* Sources */,
				9B7D80362E7C9AC500E3E42B /* Frameworks */,
				9B7D80372E7C9AC500E3E42B /* Resources */,
			);
			buildRules = (
			);
			dependencies = (
				9B7D803B2E7C9AC500E3E42B /* PBXTargetDependency */,
			);
			fileSystemSynchronizedGroups = (
				9B7D803C2E7C9AC500E3E42B /* Offline_Organizing_ThoughtsUITests */,
			);
			name = Offline_Organizing_ThoughtsUITests;
			packageProductDependencies = (
			);
			productName = Offline_Organizing_ThoughtsUITests;
			productReference = 9B7D80392E7C9AC500E3E42B /* Offline_Organizing_ThoughtsUITests.xctest */;
			productType = "com.apple.product-type.bundle.ui-testing";
		};
/* End PBXNativeTarget section */

/* Begin PBXProject section */
		9B7D801A2E7C9AC400E3E42B /* Project object */ = {
			isa = PBXProject;
			attributes = {
				BuildIndependentTargetsInParallel = 1;
				LastSwiftUpdateCheck = 2600;
				LastUpgradeCheck = 2600;
				TargetAttributes = {
					9B7D80212E7C9AC400E3E42B = {
						CreatedOnToolsVersion = 26.0;
					};
					9B7D802E2E7C9AC500E3E42B = {
						CreatedOnToolsVersion = 26.0;
						TestTargetID = 9B7D80212E7C9AC400E3E42B;
					};
					9B7D80382E7C9AC500E3E42B = {
						CreatedOnToolsVersion = 26.0;
						TestTargetID = 9B7D80212E7C9AC400E3E42B;
					};
				};
			};
			buildConfigurationList = 9B7D801D2E7C9AC400E3E42B /* Build configuration list for PBXProject "Offline_Organizing_Thoughts" */;
			developmentRegion = en;
			hasScannedForEncodings = 0;
			knownRegions = (
				en,
				Base,
			);
			mainGroup = 9B7D80192E7C9AC400E3E42B;
			minimizedProjectReferenceProxies = 1;
			packageReferences = (
				9BF1C7FD2E7F38CA00522438 /* XCRemoteSwiftPackageReference "WhisperKit" */,
			);
			preferredProjectObjectVersion = 77;
			productRefGroup = 9B7D80232E7C9AC400E3E42B /* Products */;
			projectDirPath = "";
			projectRoot = "";
			targets = (
				9B7D80212E7C9AC400E3E42B /* Offline_Organizing_Thoughts */,
				9B7D802E2E7C9AC500E3E42B /* Offline_Organizing_ThoughtsTests */,
				9B7D80382E7C9AC500E3E42B /* Offline_Organizing_ThoughtsUITests */,
			);
		};
/* End PBXProject section */

/* Begin PBXResourcesBuildPhase section */
		9B7D80202E7C9AC400E3E42B /* Resources */ = {
			isa = PBXResourcesBuildPhase;
			buildActionMask = 2147483647;
			files = (
				9BF1C8952E7F4F0600522438 /* Assets.xcassets in Resources */,
				9BF1C8962E7F4F0600522438 /* Offline_Organizing_Thoughts.plist in Resources */,
			);
			runOnlyForDeploymentPostprocessing = 0;
		};
		9B7D802D2E7C9AC500E3E42B /* Resources */ = {
			isa = PBXResourcesBuildPhase;
			buildActionMask = 2147483647;
			files = (
			);
			runOnlyForDeploymentPostprocessing = 0;
		};
		9B7D80372E7C9AC500E3E42B /* Resources */ = {
			isa = PBXResourcesBuildPhase;
			buildActionMask = 2147483647;
			files = (
			);
			runOnlyForDeploymentPostprocessing = 0;
		};
/* End PBXResourcesBuildPhase section */

/* Begin PBXSourcesBuildPhase section */
		9B7D801E2E7C9AC400E3E42B /* Sources */ = {
			isa = PBXSourcesBuildPhase;
			buildActionMask = 2147483647;
			files = (
				9BF1C8BD2E7F5C5000522438 /* SpacesMainView.swift in Sources */,
				9BF1C8972E7F4F0600522438 /* AppFileManager.swift in Sources */,
				9BF1C8B02E7F53DA00522438 /* Space.swift in Sources */,
				9BF1C8982E7F4F0600522438 /* AppState.swift in Sources */,
				9BF1C8992E7F4F0600522438 /* Notify.swift in Sources */,
				9BD4BE6F2E7F6D9900278A0D /* KanbanColumnView.swift in Sources */,
				9BF1C89A2E7F4F0600522438 /* AudioRecorderEngine.swift in Sources */,
				9BF1C89B2E7F4F0600522438 /* AudioRecorderManager.swift in Sources */,
				9BF1C89C2E7F4F0600522438 /* AuthScreen.swift in Sources */,
				9BF1C89D2E7F4F0600522438 /* AuthState.swift in Sources */,
				9BF1C89E2E7F4F0600522438 /* RecordingItem.swift in Sources */,
				9BF1C89F2E7F4F0600522438 /* Tabs.swift in Sources */,
				9BD4BE742E7F797E00278A0D /* CleanResult.swift in Sources */,
				9BD4BE722E7F782700278A0D /* EmojiPicker.swift in Sources */,
				9BF1C8A02E7F4F0600522438 /* TranscribeManager.swift in Sources */,
				9BF1C8A12E7F4F0600522438 /* TranscribeManager+Helpers.swift in Sources */,
				9BF1C8A22E7F4F0600522438 /* GlassCard.swift in Sources */,
				9BF1C8A32E7F4F0600522438 /* AudioPlayerView.swift in Sources */,
				9BF1C8B82E7F5AF000522438 /* SpacesList.swift in Sources */,
				9BF1C8A42E7F4F0600522438 /* RecordingList.swift in Sources */,
				9BF1C8B32E7F54E500522438 /* SpacesManager.swift in Sources */,
				9BF1C8A52E7F4F0600522438 /* LibraryView.swift in Sources */,
				9BF1C8A62E7F4F0600522438 /* ProjectsScreen.swift in Sources */,
				9BF1C8A72E7F4F0600522438 /* RecordingScreen.swift in Sources */,
				9BF1C8A82E7F4F0600522438 /* SettingsScreen.swift in Sources */,
				9BF1C8B52E7F5A3C00522438 /* SpacesMainRootView.swift in Sources */,
				9BF1C8A92E7F4F0600522438 /* SpacesHomeView.swift in Sources */,
				9BF1C8AA2E7F4F0600522438 /* SpacesRootView.swift in Sources */,
				9BF1C8AB2E7F4F0600522438 /* RootView.swift in Sources */,
				9BF1C8AC2E7F4F0600522438 /* Offline_Organizing_ThoughtsApp.swift in Sources */,
			);
			runOnlyForDeploymentPostprocessing = 0;
		};
		9B7D802B2E7C9AC500E3E42B /* Sources */ = {
			isa = PBXSourcesBuildPhase;
			buildActionMask = 2147483647;
			files = (
			);
			runOnlyForDeploymentPostprocessing = 0;
		};
		9B7D80352E7C9AC500E3E42B /* Sources */ = {
			isa = PBXSourcesBuildPhase;
			buildActionMask = 2147483647;
			files = (
			);
			runOnlyForDeploymentPostprocessing = 0;
		};
/* End PBXSourcesBuildPhase section */

/* Begin PBXTargetDependency section */
		9B7D80312E7C9AC500E3E42B /* PBXTargetDependency */ = {
			isa = PBXTargetDependency;
			target = 9B7D80212E7C9AC400E3E42B /* Offline_Organizing_Thoughts */;
			targetProxy = 9B7D80302E7C9AC500E3E42B /* PBXContainerItemProxy */;
		};
		9B7D803B2E7C9AC500E3E42B /* PBXTargetDependency */ = {
			isa = PBXTargetDependency;
			target = 9B7D80212E7C9AC400E3E42B /* Offline_Organizing_Thoughts */;
			targetProxy = 9B7D803A2E7C9AC500E3E42B /* PBXContainerItemProxy */;
		};
/* End PBXTargetDependency section */

/* Begin XCBuildConfiguration section */
		9B7D80412E7C9AC500E3E42B /* Debug */ = {
			isa = XCBuildConfiguration;
			buildSettings = {
				ALWAYS_SEARCH_USER_PATHS = NO;
				ASSETCATALOG_COMPILER_GENERATE_SWIFT_ASSET_SYMBOL_EXTENSIONS = YES;
				CLANG_ANALYZER_NONNULL = YES;
				CLANG_ANALYZER_NUMBER_OBJECT_CONVERSION = YES_AGGRESSIVE;
				CLANG_CXX_LANGUAGE_STANDARD = "gnu++20";
				CLANG_ENABLE_MODULES = YES;
				CLANG_ENABLE_OBJC_ARC = YES;
				CLANG_ENABLE_OBJC_WEAK = YES;
				CLANG_WARN_BLOCK_CAPTURE_AUTORELEASING = YES;
				CLANG_WARN_BOOL_CONVERSION = YES;
				CLANG_WARN_COMMA = YES;
				CLANG_WARN_CONSTANT_CONVERSION = YES;
				CLANG_WARN_DEPRECATED_OBJC_IMPLEMENTATIONS = YES;
				CLANG_WARN_DIRECT_OBJC_ISA_USAGE = YES_ERROR;
				CLANG_WARN_DOCUMENTATION_COMMENTS = YES;
				CLANG_WARN_EMPTY_BODY = YES;
				CLANG_WARN_ENUM_CONVERSION = YES;
				CLANG_WARN_INFINITE_RECURSION = YES;
				CLANG_WARN_INT_CONVERSION = YES;
				CLANG_WARN_NON_LITERAL_NULL_CONVERSION = YES;
				CLANG_WARN_OBJC_IMPLICIT_RETAIN_SELF = YES;
				CLANG_WARN_OBJC_LITERAL_CONVERSION = YES;
				CLANG_WARN_OBJC_ROOT_CLASS = YES_ERROR;
				CLANG_WARN_QUOTED_INCLUDE_IN_FRAMEWORK_HEADER = YES;
				CLANG_WARN_RANGE_LOOP_ANALYSIS = YES;
				CLANG_WARN_STRICT_PROTOTYPES = YES;
				CLANG_WARN_SUSPICIOUS_MOVE = YES;
				CLANG_WARN_UNGUARDED_AVAILABILITY = YES_AGGRESSIVE;
				CLANG_WARN_UNREACHABLE_CODE = YES;
				CLANG_WARN__DUPLICATE_METHOD_MATCH = YES;
				COPY_PHASE_STRIP = NO;
				DEBUG_INFORMATION_FORMAT = dwarf;
				DEVELOPMENT_TEAM = B9P888266K;
				ENABLE_STRICT_OBJC_MSGSEND = YES;
				ENABLE_TESTABILITY = YES;
				ENABLE_USER_SCRIPT_SANDBOXING = YES;
				GCC_C_LANGUAGE_STANDARD = gnu17;
				GCC_DYNAMIC_NO_PIC = NO;
				GCC_NO_COMMON_BLOCKS = YES;
				GCC_OPTIMIZATION_LEVEL = 0;
				GCC_PREPROCESSOR_DEFINITIONS = (
					"DEBUG=1",
					"$(inherited)",
				);
				GCC_WARN_64_TO_32_BIT_CONVERSION = YES;
				GCC_WARN_ABOUT_RETURN_TYPE = YES_ERROR;
				GCC_WARN_UNDECLARED_SELECTOR = YES;
				GCC_WARN_UNINITIALIZED_AUTOS = YES_AGGRESSIVE;
				GCC_WARN_UNUSED_FUNCTION = YES;
				GCC_WARN_UNUSED_VARIABLE = YES;
				IPHONEOS_DEPLOYMENT_TARGET = 26.0;
				LOCALIZATION_PREFERS_STRING_CATALOGS = YES;
				MTL_ENABLE_DEBUG_INFO = INCLUDE_SOURCE;
				MTL_FAST_MATH = YES;
				ONLY_ACTIVE_ARCH = YES;
				SDKROOT = iphoneos;
				SWIFT_ACTIVE_COMPILATION_CONDITIONS = "DEBUG $(inherited)";
				SWIFT_OPTIMIZATION_LEVEL = "-Onone";
			};
			name = Debug;
		};
		9B7D80422E7C9AC500E3E42B /* Release */ = {
			isa = XCBuildConfiguration;
			buildSettings = {
				ALWAYS_SEARCH_USER_PATHS = NO;
				ASSETCATALOG_COMPILER_GENERATE_SWIFT_ASSET_SYMBOL_EXTENSIONS = YES;
				CLANG_ANALYZER_NONNULL = YES;
				CLANG_ANALYZER_NUMBER_OBJECT_CONVERSION = YES_AGGRESSIVE;
				CLANG_CXX_LANGUAGE_STANDARD = "gnu++20";
				CLANG_ENABLE_MODULES = YES;
				CLANG_ENABLE_OBJC_ARC = YES;
				CLANG_ENABLE_OBJC_WEAK = YES;
				CLANG_WARN_BLOCK_CAPTURE_AUTORELEASING = YES;
				CLANG_WARN_BOOL_CONVERSION = YES;
				CLANG_WARN_COMMA = YES;
				CLANG_WARN_CONSTANT_CONVERSION = YES;
				CLANG_WARN_DEPRECATED_OBJC_IMPLEMENTATIONS = YES;
				CLANG_WARN_DIRECT_OBJC_ISA_USAGE = YES_ERROR;
				CLANG_WARN_DOCUMENTATION_COMMENTS = YES;
				CLANG_WARN_EMPTY_BODY = YES;
				CLANG_WARN_ENUM_CONVERSION = YES;
				CLANG_WARN_INFINITE_RECURSION = YES;
				CLANG_WARN_INT_CONVERSION = YES;
				CLANG_WARN_NON_LITERAL_NULL_CONVERSION = YES;
				CLANG_WARN_OBJC_IMPLICIT_RETAIN_SELF = YES;
				CLANG_WARN_OBJC_LITERAL_CONVERSION = YES;
				CLANG_WARN_OBJC_ROOT_CLASS = YES_ERROR;
				CLANG_WARN_QUOTED_INCLUDE_IN_FRAMEWORK_HEADER = YES;
				CLANG_WARN_RANGE_LOOP_ANALYSIS = YES;
				CLANG_WARN_STRICT_PROTOTYPES = YES;
				CLANG_WARN_SUSPICIOUS_MOVE = YES;
				CLANG_WARN_UNGUARDED_AVAILABILITY = YES_AGGRESSIVE;
				CLANG_WARN_UNREACHABLE_CODE = YES;
				CLANG_WARN__DUPLICATE_METHOD_MATCH = YES;
				COPY_PHASE_STRIP = NO;
				DEBUG_INFORMATION_FORMAT = "dwarf-with-dsym";
				DEVELOPMENT_TEAM = B9P888266K;
				ENABLE_NS_ASSERTIONS = NO;
				ENABLE_STRICT_OBJC_MSGSEND = YES;
				ENABLE_USER_SCRIPT_SANDBOXING = YES;
				GCC_C_LANGUAGE_STANDARD = gnu17;
				GCC_NO_COMMON_BLOCKS = YES;
				GCC_WARN_64_TO_32_BIT_CONVERSION = YES;
				GCC_WARN_ABOUT_RETURN_TYPE = YES_ERROR;
				GCC_WARN_UNDECLARED_SELECTOR = YES;
				GCC_WARN_UNINITIALIZED_AUTOS = YES_AGGRESSIVE;
				GCC_WARN_UNUSED_FUNCTION = YES;
				GCC_WARN_UNUSED_VARIABLE = YES;
				IPHONEOS_DEPLOYMENT_TARGET = 26.0;
				LOCALIZATION_PREFERS_STRING_CATALOGS = YES;
				MTL_ENABLE_DEBUG_INFO = NO;
				MTL_FAST_MATH = YES;
				SDKROOT = iphoneos;
				SWIFT_COMPILATION_MODE = wholemodule;
				VALIDATE_PRODUCT = YES;
			};
			name = Release;
		};
		9B7D80442E7C9AC500E3E42B /* Debug */ = {
			isa = XCBuildConfiguration;
			buildSettings = {
				ASSETCATALOG_COMPILER_APPICON_NAME = AppIcon;
				ASSETCATALOG_COMPILER_GLOBAL_ACCENT_COLOR_NAME = AccentColor;
				CODE_SIGN_STYLE = Automatic;
				CURRENT_PROJECT_VERSION = 1;
				DEVELOPMENT_TEAM = B9P888266K;
				ENABLE_PREVIEWS = YES;
				GENERATE_INFOPLIST_FILE = YES;
				INFOPLIST_FILE = Offline_Organizing_Thoughts/Offline_Organizing_Thoughts.plist;
				INFOPLIST_KEY_UIApplicationSceneManifest_Generation = YES;
				INFOPLIST_KEY_UIApplicationSupportsIndirectInputEvents = YES;
				INFOPLIST_KEY_UILaunchScreen_Generation = YES;
				INFOPLIST_KEY_UISupportedInterfaceOrientations_iPad = "UIInterfaceOrientationPortrait UIInterfaceOrientationPortraitUpsideDown UIInterfaceOrientationLandscapeLeft UIInterfaceOrientationLandscapeRight";
				INFOPLIST_KEY_UISupportedInterfaceOrientations_iPhone = "UIInterfaceOrientationPortrait UIInterfaceOrientationLandscapeLeft UIInterfaceOrientationLandscapeRight";
				LD_RUNPATH_SEARCH_PATHS = (
					"$(inherited)",
					"@executable_path/Frameworks",
				);
				MARKETING_VERSION = 1.0;
				PRODUCT_BUNDLE_IDENTIFIER = "com.aryanrogye.Offline-Organizing-Thoughts";
				PRODUCT_NAME = "$(TARGET_NAME)";
				STRING_CATALOG_GENERATE_SYMBOLS = YES;
				SWIFT_APPROACHABLE_CONCURRENCY = YES;
				SWIFT_DEFAULT_ACTOR_ISOLATION = MainActor;
				SWIFT_EMIT_LOC_STRINGS = YES;
				SWIFT_UPCOMING_FEATURE_MEMBER_IMPORT_VISIBILITY = YES;
				SWIFT_VERSION = 5.0;
				TARGETED_DEVICE_FAMILY = "1,2";
			};
			name = Debug;
		};
		9B7D80452E7C9AC500E3E42B /* Release */ = {
			isa = XCBuildConfiguration;
			buildSettings = {
				ASSETCATALOG_COMPILER_APPICON_NAME = AppIcon;
				ASSETCATALOG_COMPILER_GLOBAL_ACCENT_COLOR_NAME = AccentColor;
				CODE_SIGN_STYLE = Automatic;
				CURRENT_PROJECT_VERSION = 1;
				DEVELOPMENT_TEAM = B9P888266K;
				ENABLE_PREVIEWS = YES;
				GENERATE_INFOPLIST_FILE = YES;
				INFOPLIST_FILE = Offline_Organizing_Thoughts/Offline_Organizing_Thoughts.plist;
				INFOPLIST_KEY_UIApplicationSceneManifest_Generation = YES;
				INFOPLIST_KEY_UIApplicationSupportsIndirectInputEvents = YES;
				INFOPLIST_KEY_UILaunchScreen_Generation = YES;
				INFOPLIST_KEY_UISupportedInterfaceOrientations_iPad = "UIInterfaceOrientationPortrait UIInterfaceOrientationPortraitUpsideDown UIInterfaceOrientationLandscapeLeft UIInterfaceOrientationLandscapeRight";
				INFOPLIST_KEY_UISupportedInterfaceOrientations_iPhone = "UIInterfaceOrientationPortrait UIInterfaceOrientationLandscapeLeft UIInterfaceOrientationLandscapeRight";
				LD_RUNPATH_SEARCH_PATHS = (
					"$(inherited)",
					"@executable_path/Frameworks",
				);
				MARKETING_VERSION = 1.0;
				PRODUCT_BUNDLE_IDENTIFIER = "com.aryanrogye.Offline-Organizing-Thoughts";
				PRODUCT_NAME = "$(TARGET_NAME)";
				STRING_CATALOG_GENERATE_SYMBOLS = YES;
				SWIFT_APPROACHABLE_CONCURRENCY = YES;
				SWIFT_DEFAULT_ACTOR_ISOLATION = MainActor;
				SWIFT_EMIT_LOC_STRINGS = YES;
				SWIFT_UPCOMING_FEATURE_MEMBER_IMPORT_VISIBILITY = YES;
				SWIFT_VERSION = 5.0;
				TARGETED_DEVICE_FAMILY = "1,2";
			};
			name = Release;
		};
		9B7D80472E7C9AC500E3E42B /* Debug */ = {
			isa = XCBuildConfiguration;
			buildSettings = {
				BUNDLE_LOADER = "$(TEST_HOST)";
				CODE_SIGN_STYLE = Automatic;
				CURRENT_PROJECT_VERSION = 1;
				DEVELOPMENT_TEAM = B9P888266K;
				GENERATE_INFOPLIST_FILE = YES;
				IPHONEOS_DEPLOYMENT_TARGET = 26.0;
				MARKETING_VERSION = 1.0;
				PRODUCT_BUNDLE_IDENTIFIER = "com.aryanrogye.Offline-Organizing-ThoughtsTests";
				PRODUCT_NAME = "$(TARGET_NAME)";
				STRING_CATALOG_GENERATE_SYMBOLS = NO;
				SWIFT_APPROACHABLE_CONCURRENCY = YES;
				SWIFT_EMIT_LOC_STRINGS = NO;
				SWIFT_UPCOMING_FEATURE_MEMBER_IMPORT_VISIBILITY = YES;
				SWIFT_VERSION = 5.0;
				TARGETED_DEVICE_FAMILY = "1,2";
				TEST_HOST = "$(BUILT_PRODUCTS_DIR)/Offline_Organizing_Thoughts.app/$(BUNDLE_EXECUTABLE_FOLDER_PATH)/Offline_Organizing_Thoughts";
			};
			name = Debug;
		};
		9B7D80482E7C9AC500E3E42B /* Release */ = {
			isa = XCBuildConfiguration;
			buildSettings = {
				BUNDLE_LOADER = "$(TEST_HOST)";
				CODE_SIGN_STYLE = Automatic;
				CURRENT_PROJECT_VERSION = 1;
				DEVELOPMENT_TEAM = B9P888266K;
				GENERATE_INFOPLIST_FILE = YES;
				IPHONEOS_DEPLOYMENT_TARGET = 26.0;
				MARKETING_VERSION = 1.0;
				PRODUCT_BUNDLE_IDENTIFIER = "com.aryanrogye.Offline-Organizing-ThoughtsTests";
				PRODUCT_NAME = "$(TARGET_NAME)";
				STRING_CATALOG_GENERATE_SYMBOLS = NO;
				SWIFT_APPROACHABLE_CONCURRENCY = YES;
				SWIFT_EMIT_LOC_STRINGS = NO;
				SWIFT_UPCOMING_FEATURE_MEMBER_IMPORT_VISIBILITY = YES;
				SWIFT_VERSION = 5.0;
				TARGETED_DEVICE_FAMILY = "1,2";
				TEST_HOST = "$(BUILT_PRODUCTS_DIR)/Offline_Organizing_Thoughts.app/$(BUNDLE_EXECUTABLE_FOLDER_PATH)/Offline_Organizing_Thoughts";
			};
			name = Release;
		};
		9B7D804A2E7C9AC500E3E42B /* Debug */ = {
			isa = XCBuildConfiguration;
			buildSettings = {
				CODE_SIGN_STYLE = Automatic;
				CURRENT_PROJECT_VERSION = 1;
				DEVELOPMENT_TEAM = B9P888266K;
				GENERATE_INFOPLIST_FILE = YES;
				MARKETING_VERSION = 1.0;
				PRODUCT_BUNDLE_IDENTIFIER = "com.aryanrogye.Offline-Organizing-ThoughtsUITests";
				PRODUCT_NAME = "$(TARGET_NAME)";
				STRING_CATALOG_GENERATE_SYMBOLS = NO;
				SWIFT_APPROACHABLE_CONCURRENCY = YES;
				SWIFT_EMIT_LOC_STRINGS = NO;
				SWIFT_UPCOMING_FEATURE_MEMBER_IMPORT_VISIBILITY = YES;
				SWIFT_VERSION = 5.0;
				TARGETED_DEVICE_FAMILY = "1,2";
				TEST_TARGET_NAME = Offline_Organizing_Thoughts;
			};
			name = Debug;
		};
		9B7D804B2E7C9AC500E3E42B /* Release */ = {
			isa = XCBuildConfiguration;
			buildSettings = {
				CODE_SIGN_STYLE = Automatic;
				CURRENT_PROJECT_VERSION = 1;
				DEVELOPMENT_TEAM = B9P888266K;
				GENERATE_INFOPLIST_FILE = YES;
				MARKETING_VERSION = 1.0;
				PRODUCT_BUNDLE_IDENTIFIER = "com.aryanrogye.Offline-Organizing-ThoughtsUITests";
				PRODUCT_NAME = "$(TARGET_NAME)";
				STRING_CATALOG_GENERATE_SYMBOLS = NO;
				SWIFT_APPROACHABLE_CONCURRENCY = YES;
				SWIFT_EMIT_LOC_STRINGS = NO;
				SWIFT_UPCOMING_FEATURE_MEMBER_IMPORT_VISIBILITY = YES;
				SWIFT_VERSION = 5.0;
				TARGETED_DEVICE_FAMILY = "1,2";
				TEST_TARGET_NAME = Offline_Organizing_Thoughts;
			};
			name = Release;
		};
/* End XCBuildConfiguration section */

/* Begin XCConfigurationList section */
		9B7D801D2E7C9AC400E3E42B /* Build configuration list for PBXProject "Offline_Organizing_Thoughts" */ = {
			isa = XCConfigurationList;
			buildConfigurations = (
				9B7D80412E7C9AC500E3E42B /* Debug */,
				9B7D80422E7C9AC500E3E42B /* Release */,
			);
			defaultConfigurationIsVisible = 0;
			defaultConfigurationName = Release;
		};
		9B7D80432E7C9AC500E3E42B /* Build configuration list for PBXNativeTarget "Offline_Organizing_Thoughts" */ = {
			isa = XCConfigurationList;
			buildConfigurations = (
				9B7D80442E7C9AC500E3E42B /* Debug */,
				9B7D80452E7C9AC500E3E42B /* Release */,
			);
			defaultConfigurationIsVisible = 0;
			defaultConfigurationName = Release;
		};
		9B7D80462E7C9AC500E3E42B /* Build configuration list for PBXNativeTarget "Offline_Organizing_ThoughtsTests" */ = {
			isa = XCConfigurationList;
			buildConfigurations = (
				9B7D80472E7C9AC500E3E42B /* Debug */,
				9B7D80482E7C9AC500E3E42B /* Release */,
			);
			defaultConfigurationIsVisible = 0;
			defaultConfigurationName = Release;
		};
		9B7D80492E7C9AC500E3E42B /* Build configuration list for PBXNativeTarget "Offline_Organizing_ThoughtsUITests" */ = {
			isa = XCConfigurationList;
			buildConfigurations = (
				9B7D804A2E7C9AC500E3E42B /* Debug */,
				9B7D804B2E7C9AC500E3E42B /* Release */,
			);
			defaultConfigurationIsVisible = 0;
			defaultConfigurationName = Release;
		};
/* End XCConfigurationList section */

/* Begin XCRemoteSwiftPackageReference section */
		9BF1C7FD2E7F38CA00522438 /* XCRemoteSwiftPackageReference "WhisperKit" */ = {
			isa = XCRemoteSwiftPackageReference;
			repositoryURL = "https://github.com/argmaxinc/WhisperKit";
			requirement = {
				branch = main;
				kind = branch;
			};
		};
/* End XCRemoteSwiftPackageReference section */

/* Begin XCSwiftPackageProductDependency section */
		9BF1C7FE2E7F38CA00522438 /* WhisperKit */ = {
			isa = XCSwiftPackageProductDependency;
			package = 9BF1C7FD2E7F38CA00522438 /* XCRemoteSwiftPackageReference "WhisperKit" */;
			productName = WhisperKit;
		};
/* End XCSwiftPackageProductDependency section */
	};
	rootObject = 9B7D801A2E7C9AC400E3E42B /* Project object */;
}
